
Microsoft Visual Studio Solution File, Format Version 12.00
# Visual Studio Version 16
VisualStudioVersion = 16.0.30804.86
MinimumVisualStudioVersion = 10.0.40219.1
Project("{9A19103F-16F7-4668-BE54-9A1E7A4F7556}") = "CoronaApp", "CoronaApp\CoronaApp.csproj", "{EFE0631E-E92F-453C-B8D9-27E5E7381D0A}"
EndProject
Global
	GlobalSection(SolutionConfigurationPlatforms) = preSolution
		Debug|Any CPU = Debug|Any CPU
		Release|Any CPU = Release|Any CPU
	EndGlobalSection
	GlobalSection(ProjectConfigurationPlatforms) = postSolution
		{EFE0631E-E92F-453C-B8D9-27E5E7381D0A}.Debug|Any CPU.ActiveCfg = Debug|Any CPU
		{EFE0631E-E92F-453C-B8D9-27E5E7381D0A}.Debug|Any CPU.Build.0 = Debug|Any CPU
		{EFE0631E-E92F-453C-B8D9-27E5E7381D0A}.Release|Any CPU.ActiveCfg = Release|Any CPU
		{EFE0631E-E92F-453C-B8D9-27E5E7381D0A}.Release|Any CPU.Build.0 = Release|Any CPU
	EndGlobalSection
	GlobalSection(SolutionProperties) = preSolution
		HideSolutionNode = FALSE
	EndGlobalSection
	GlobalSection(ExtensibilityGlobals) = postSolution
		SolutionGuid = {0FA3DBE3-2DD4-46A4-B0D6-022768B50652}
	EndGlobalSection
EndGlobal
